
Microsoft Visual Studio Solution File, Format Version 12.00
# Visual Studio Version 17
VisualStudioVersion = 17.4.33205.214
MinimumVisualStudioVersion = 10.0.40219.1
Project("{FAE04EC0-301F-11D3-BF4B-00C04F79EFBC}") = "SzkolenieTechniczne3.UserIdentity.Storage", "SzkolenieTechniczne3.UserIdentity.Storage\SzkolenieTechniczne3.UserIdentity.Storage.csproj", "{2CB52642-36E1-4778-80E1-1C4F9F834887}"
EndProject
Project("{FAE04EC0-301F-11D3-BF4B-00C04F79EFBC}") = "SzkolenieTechniczne3.Common.Storage", "SzkolenieTechniczne3.Common.Storage\SzkolenieTechniczne3.Common.Storage.csproj", "{6A194BE8-FCCA-4FD3-8174-C0CF30ADA48B}"
EndProject
Project("{FAE04EC0-301F-11D3-BF4B-00C04F79EFBC}") = "SzkolenieTechniczne3.Common.CrossCutting", "SzkolenieTechniczne3.Common.CrossCutting\SzkolenieTechniczne3.Common.CrossCutting.csproj", "{CEF363DC-E3E2-464A-99CA-EDE46A3A8A70}"
EndProject
Project("{FAE04EC0-301F-11D3-BF4B-00C04F79EFBC}") = "SzkolenieTechniczne3.UserIndentity", "SzkolenieTechniczne3.UserIndentity\SzkolenieTechniczne3.UserIndentity.csproj", "{8BD7CDFB-4D39-48D7-A876-381E07722D67}"
EndProject
Global
	GlobalSection(SolutionConfigurationPlatforms) = preSolution
		Debug|Any CPU = Debug|Any CPU
		Release|Any CPU = Release|Any CPU
	EndGlobalSection
	GlobalSection(ProjectConfigurationPlatforms) = postSolution
		{2CB52642-36E1-4778-80E1-1C4F9F834887}.Debug|Any CPU.ActiveCfg = Debug|Any CPU
		{2CB52642-36E1-4778-80E1-1C4F9F834887}.Debug|Any CPU.Build.0 = Debug|Any CPU
		{2CB52642-36E1-4778-80E1-1C4F9F834887}.Release|Any CPU.ActiveCfg = Release|Any CPU
		{2CB52642-36E1-4778-80E1-1C4F9F834887}.Release|Any CPU.Build.0 = Release|Any CPU
		{6A194BE8-FCCA-4FD3-8174-C0CF30ADA48B}.Debug|Any CPU.ActiveCfg = Debug|Any CPU
		{6A194BE8-FCCA-4FD3-8174-C0CF30ADA48B}.Debug|Any CPU.Build.0 = Debug|Any CPU
		{6A194BE8-FCCA-4FD3-8174-C0CF30ADA48B}.Release|Any CPU.ActiveCfg = Release|Any CPU
		{6A194BE8-FCCA-4FD3-8174-C0CF30ADA48B}.Release|Any CPU.Build.0 = Release|Any CPU
		{CEF363DC-E3E2-464A-99CA-EDE46A3A8A70}.Debug|Any CPU.ActiveCfg = Debug|Any CPU
		{CEF363DC-E3E2-464A-99CA-EDE46A3A8A70}.Debug|Any CPU.Build.0 = Debug|Any CPU
		{CEF363DC-E3E2-464A-99CA-EDE46A3A8A70}.Release|Any CPU.ActiveCfg = Release|Any CPU
		{CEF363DC-E3E2-464A-99CA-EDE46A3A8A70}.Release|Any CPU.Build.0 = Release|Any CPU
		{8BD7CDFB-4D39-48D7-A876-381E07722D67}.Debug|Any CPU.ActiveCfg = Debug|Any CPU
		{8BD7CDFB-4D39-48D7-A876-381E07722D67}.Debug|Any CPU.Build.0 = Debug|Any CPU
		{8BD7CDFB-4D39-48D7-A876-381E07722D67}.Release|Any CPU.ActiveCfg = Release|Any CPU
		{8BD7CDFB-4D39-48D7-A876-381E07722D67}.Release|Any CPU.Build.0 = Release|Any CPU
	EndGlobalSection
	GlobalSection(SolutionProperties) = preSolution
		HideSolutionNode = FALSE
	EndGlobalSection
	GlobalSection(ExtensibilityGlobals) = postSolution
		SolutionGuid = {C710D569-3357-4A36-9822-1B60850D8817}
	EndGlobalSection
EndGlobal
